
Microsoft Visual Studio Solution File, Format Version 12.00
# Visual Studio Version 17
VisualStudioVersion = 17.1.32407.343
MinimumVisualStudioVersion = 10.0.40219.1
Project("{FAE04EC0-301F-11D3-BF4B-00C04F79EFBC}") = "HW11_6", "HW11_6.csproj", "{06369762-BF10-4AE5-BD75-904FC9FAEF77}"
EndProject
Global
	GlobalSection(SolutionConfigurationPlatforms) = preSolution
		Debug|Any CPU = Debug|Any CPU
		Release|Any CPU = Release|Any CPU
	EndGlobalSection
	GlobalSection(ProjectConfigurationPlatforms) = postSolution
		{06369762-BF10-4AE5-BD75-904FC9FAEF77}.Debug|Any CPU.ActiveCfg = Debug|Any CPU
		{06369762-BF10-4AE5-BD75-904FC9FAEF77}.Debug|Any CPU.Build.0 = Debug|Any CPU
		{06369762-BF10-4AE5-BD75-904FC9FAEF77}.Release|Any CPU.ActiveCfg = Release|Any CPU
		{06369762-BF10-4AE5-BD75-904FC9FAEF77}.Release|Any CPU.Build.0 = Release|Any CPU
	EndGlobalSection
	GlobalSection(SolutionProperties) = preSolution
		HideSolutionNode = FALSE
	EndGlobalSection
	GlobalSection(ExtensibilityGlobals) = postSolution
		SolutionGuid = {D0C44DB2-7311-43F4-8ABF-4A8C67A4BEC6}
	EndGlobalSection
EndGlobal
